
Microsoft Visual Studio Solution File, Format Version 12.00
# Visual Studio Version 17
VisualStudioVersion = 17.5.002.0
MinimumVisualStudioVersion = 10.0.40219.1
Project("{9A19103F-16F7-4668-BE54-9A1E7A4F7556}") = "TaskManagerAPI", "TaskManagerAPI\TaskManagerAPI.csproj", "{531519F8-B281-414C-AE2A-BBC95C597672}"
EndProject
Global
	GlobalSection(SolutionConfigurationPlatforms) = preSolution
		Debug|Any CPU = Debug|Any CPU
		Release|Any CPU = Release|Any CPU
	EndGlobalSection
	GlobalSection(ProjectConfigurationPlatforms) = postSolution
		{531519F8-B281-414C-AE2A-BBC95C597672}.Debug|Any CPU.ActiveCfg = Debug|Any CPU
		{531519F8-B281-414C-AE2A-BBC95C597672}.Debug|Any CPU.Build.0 = Debug|Any CPU
		{531519F8-B281-414C-AE2A-BBC95C597672}.Release|Any CPU.ActiveCfg = Release|Any CPU
		{531519F8-B281-414C-AE2A-BBC95C597672}.Release|Any CPU.Build.0 = Release|Any CPU
	EndGlobalSection
	GlobalSection(SolutionProperties) = preSolution
		HideSolutionNode = FALSE
	EndGlobalSection
	GlobalSection(ExtensibilityGlobals) = postSolution
		SolutionGuid = {28FF2758-8112-4DCA-A8DB-D67E55015BEC}
	EndGlobalSection
EndGlobal
